// !$*UTF8*$!
{
	archiveVersion = 1;
	classes = {
	};
	objectVersion = 46;
	objects = {

/* Begin PBXBuildFile section */
		FF0D69FD1C5F265E00545AF1 /* MemeTextFieldDelegate.swift in Sources */ = {isa = PBXBuildFile; fileRef = FF0D69FC1C5F265E00545AF1 /* MemeTextFieldDelegate.swift */; };
		FFE893401C3C94ED005C0172 /* AppDelegate.swift in Sources */ = {isa = PBXBuildFile; fileRef = FFE8933F1C3C94ED005C0172 /* AppDelegate.swift */; };
		FFE893421C3C94ED005C0172 /* ViewController.swift in Sources */ = {isa = PBXBuildFile; fileRef = FFE893411C3C94ED005C0172 /* ViewController.swift */; };
		FFE893451C3C94ED005C0172 /* Main.storyboard in Resources */ = {isa = PBXBuildFile; fileRef = FFE893431C3C94ED005C0172 /* Main.storyboard */; };
		FFE893471C3C94ED005C0172 /* Assets.xcassets in Resources */ = {isa = PBXBuildFile; fileRef = FFE893461C3C94ED005C0172 /* Assets.xcassets */; };
		FFE8934A1C3C94ED005C0172 /* LaunchScreen.storyboard in Resources */ = {isa = PBXBuildFile; fileRef = FFE893481C3C94ED005C0172 /* LaunchScreen.storyboard */; };
		FFE893551C3C94EE005C0172 /* memeTests.swift in Sources */ = {isa = PBXBuildFile; fileRef = FFE893541C3C94EE005C0172 /* memeTests.swift */; };
		FFE893601C3C94EE005C0172 /* memeUITests.swift in Sources */ = {isa = PBXBuildFile; fileRef = FFE8935F1C3C94EE005C0172 /* memeUITests.swift */; };
/* End PBXBuildFile section */

/* Begin PBXContainerItemProxy section */
		FFE893511C3C94EE005C0172 /* PBXContainerItemProxy */ = {
			isa = PBXContainerItemProxy;
			containerPortal = FFE893341C3C94ED005C0172 /* Project object */;
			proxyType = 1;
			remoteGlobalIDString = FFE8933B1C3C94ED005C0172;
			remoteInfo = meme;
		};
		FFE8935C1C3C94EE005C0172 /* PBXContainerItemProxy */ = {
			isa = PBXContainerItemProxy;
			containerPortal = FFE893341C3C94ED005C0172 /* Project object */;
			proxyType = 1;
			remoteGlobalIDString = FFE8933B1C3C94ED005C0172;
			remoteInfo = meme;
		};
/* End PBXContainerItemProxy section */

/* Begin PBXFileReference section */
		FF0D69FC1C5F265E00545AF1 /* MemeTextFieldDelegate.swift */ = {isa = PBXFileReference; fileEncoding = 4; lastKnownFileType = sourcecode.swift; path = MemeTextFieldDelegate.swift; sourceTree = "<group>"; };
		FFE8933C1C3C94ED005C0172 /* meme.app */ = {isa = PBXFileReference; explicitFileType = wrapper.application; includeInIndex = 0; path = meme.app; sourceTree = BUILT_PRODUCTS_DIR; };
		FFE8933F1C3C94ED005C0172 /* AppDelegate.swift */ = {isa = PBXFileReference; lastKnownFileType = sourcecode.swift; path = AppDelegate.swift; sourceTree = "<group>"; };
		FFE893411C3C94ED005C0172 /* ViewController.swift */ = {isa = PBXFileReference; lastKnownFileType = sourcecode.swift; path = ViewController.swift; sourceTree = "<group>"; };
		FFE893441C3C94ED005C0172 /* Base */ = {isa = PBXFileReference; lastKnownFileType = file.storyboard; name = Base; path = Base.lproj/Main.storyboard; sourceTree = "<group>"; };
		FFE893461C3C94ED005C0172 /* Assets.xcassets */ = {isa = PBXFileReference; lastKnownFileType = folder.assetcatalog; path = Assets.xcassets; sourceTree = "<group>"; };
		FFE893491C3C94ED005C0172 /* Base */ = {isa = PBXFileReference; lastKnownFileType = file.storyboard; name = Base; path = Base.lproj/LaunchScreen.storyboard; sourceTree = "<group>"; };
		FFE8934B1C3C94ED005C0172 /* Info.plist */ = {isa = PBXFileReference; lastKnownFileType = text.plist.xml; path = Info.plist; sourceTree = "<group>"; };
		FFE893501C3C94ED005C0172 /* memeTests.xctest */ = {isa = PBXFileReference; explicitFileType = wrapper.cfbundle; includeInIndex = 0; path = memeTests.xctest; sourceTree = BUILT_PRODUCTS_DIR; };
		FFE893541C3C94EE005C0172 /* memeTests.swift */ = {isa = PBXFileReference; lastKnownFileType = sourcecode.swift; path = memeTests.swift; sourceTree = "<group>"; };
		FFE893561C3C94EE005C0172 /* Info.plist */ = {isa = PBXFileReference; lastKnownFileType = text.plist.xml; path = Info.plist; sourceTree = "<group>"; };
		FFE8935B1C3C94EE005C0172 /* memeUITests.xctest */ = {isa = PBXFileReference; explicitFileType = wrapper.cfbundle; includeInIndex = 0; path = memeUITests.xctest; sourceTree = BUILT_PRODUCTS_DIR; };
		FFE8935F1C3C94EE005C0172 /* memeUITests.swift */ = {isa = PBXFileReference; lastKnownFileType = sourcecode.swift; path = memeUITests.swift; sourceTree = "<group>"; };
		FFE893611C3C94EE005C0172 /* Info.plist */ = {isa = PBXFileReference; lastKnownFileType = text.plist.xml; path = Info.plist; sourceTree = "<group>"; };
/* End PBXFileReference section */

/* Begin PBXFrameworksBuildPhase section */
		FFE893391C3C94ED005C0172 /* Frameworks */ = {
			isa = PBXFrameworksBuildPhase;
			buildActionMask = 2147483647;
			files = (
			);
			runOnlyForDeploymentPostprocessing = 0;
		};
		FFE8934D1C3C94ED005C0172 /* Frameworks */ = {
			isa = PBXFrameworksBuildPhase;
			buildActionMask = 2147483647;
			files = (
			);
			runOnlyForDeploymentPostprocessing = 0;
		};
		FFE893581C3C94EE005C0172 /* Frameworks */ = {
			isa = PBXFrameworksBuildPhase;
			buildActionMask = 2147483647;
			files = (
			);
			runOnlyForDeploymentPostprocessing = 0;
		};
/* End PBXFrameworksBuildPhase section */

/* Begin PBXGroup section */
		FFE893331C3C94ED005C0172 = {
			isa = PBXGroup;
			children = (
				FFE8933E1C3C94ED005C0172 /* meme */,
				FFE893531C3C94EE005C0172 /* memeTests */,
				FFE8935E1C3C94EE005C0172 /* memeUITests */,
				FFE8933D1C3C94ED005C0172 /* Products */,
			);
			sourceTree = "<group>";
		};
		FFE8933D1C3C94ED005C0172 /* Products */ = {
			isa = PBXGroup;
			children = (
				FFE8933C1C3C94ED005C0172 /* meme.app */,
				FFE893501C3C94ED005C0172 /* memeTests.xctest */,
				FFE8935B1C3C94EE005C0172 /* memeUITests.xctest */,
			);
			name = Products;
			sourceTree = "<group>";
		};
		FFE8933E1C3C94ED005C0172 /* meme */ = {
			isa = PBXGroup;
			children = (
				FFE8933F1C3C94ED005C0172 /* AppDelegate.swift */,
				FFE893411C3C94ED005C0172 /* ViewController.swift */,
				FFE893431C3C94ED005C0172 /* Main.storyboard */,
				FFE893461C3C94ED005C0172 /* Assets.xcassets */,
				FFE893481C3C94ED005C0172 /* LaunchScreen.storyboard */,
				FFE8934B1C3C94ED005C0172 /* Info.plist */,
				FF0D69FC1C5F265E00545AF1 /* MemeTextFieldDelegate.swift */,
			);
			path = meme;
			sourceTree = "<group>";
		};
		FFE893531C3C94EE005C0172 /* memeTests */ = {
			isa = PBXGroup;
			children = (
				FFE893541C3C94EE005C0172 /* memeTests.swift */,
				FFE893561C3C94EE005C0172 /* Info.plist */,
			);
			path = memeTests;
			sourceTree = "<group>";
		};
		FFE8935E1C3C94EE005C0172 /* memeUITests */ = {
			isa = PBXGroup;
			children = (
				FFE8935F1C3C94EE005C0172 /* memeUITests.swift */,
				FFE893611C3C94EE005C0172 /* Info.plist */,
			);
			path = memeUITests;
			sourceTree = "<group>";
		};
/* End PBXGroup section */

/* Begin PBXNativeTarget section */
		FFE8933B1C3C94ED005C0172 /* meme */ = {
			isa = PBXNativeTarget;
			buildConfigurationList = FFE893641C3C94EE005C0172 /* Build configuration list for PBXNativeTarget "meme" */;
			buildPhases = (
				FFE893381C3C94ED005C0172 /* Sources */,
				FFE893391C3C94ED005C0172 /* Frameworks */,
				FFE8933A1C3C94ED005C0172 /* Resources */,
			);
			buildRules = (
			);
			dependencies = (
			);
			name = meme;
			productName = meme;
			productReference = FFE8933C1C3C94ED005C0172 /* meme.app */;
			productType = "com.apple.product-type.application";
		};
		FFE8934F1C3C94ED005C0172 /* memeTests */ = {
			isa = PBXNativeTarget;
			buildConfigurationList = FFE893671C3C94EE005C0172 /* Build configuration list for PBXNativeTarget "memeTests" */;
			buildPhases = (
				FFE8934C1C3C94ED005C0172 /* Sources */,
				FFE8934D1C3C94ED005C0172 /* Frameworks */,
				FFE8934E1C3C94ED005C0172 /* Resources */,
			);
			buildRules = (
			);
			dependencies = (
				FFE893521C3C94EE005C0172 /* PBXTargetDependency */,
			);
			name = memeTests;
			productName = memeTests;
			productReference = FFE893501C3C94ED005C0172 /* memeTests.xctest */;
			productType = "com.apple.product-type.bundle.unit-test";
		};
		FFE8935A1C3C94EE005C0172 /* memeUITests */ = {
			isa = PBXNativeTarget;
			buildConfigurationList = FFE8936A1C3C94EE005C0172 /* Build configuration list for PBXNativeTarget "memeUITests" */;
			buildPhases = (
				FFE893571C3C94EE005C0172 /* Sources */,
				FFE893581C3C94EE005C0172 /* Frameworks */,
				FFE893591C3C94EE005C0172 /* Resources */,
			);
			buildRules = (
			);
			dependencies = (
				FFE8935D1C3C94EE005C0172 /* PBXTargetDependency */,
			);
			name = memeUITests;
			productName = memeUITests;
			productReference = FFE8935B1C3C94EE005C0172 /* memeUITests.xctest */;
			productType = "com.apple.product-type.bundle.ui-testing";
		};
/* End PBXNativeTarget section */

/* Begin PBXProject section */
		FFE893341C3C94ED005C0172 /* Project object */ = {
			isa = PBXProject;
			attributes = {
				LastSwiftUpdateCheck = 0720;
				LastUpgradeCheck = 0720;
				ORGANIZATIONNAME = iamhomebody;
				TargetAttributes = {
					FFE8933B1C3C94ED005C0172 = {
						CreatedOnToolsVersion = 7.2;
						DevelopmentTeam = 2435JUVQAS;
					};
					FFE8934F1C3C94ED005C0172 = {
						CreatedOnToolsVersion = 7.2;
						DevelopmentTeam = 2435JUVQAS;
						TestTargetID = FFE8933B1C3C94ED005C0172;
					};
					FFE8935A1C3C94EE005C0172 = {
						CreatedOnToolsVersion = 7.2;
						DevelopmentTeam = 2435JUVQAS;
						TestTargetID = FFE8933B1C3C94ED005C0172;
					};
				};
			};
			buildConfigurationList = FFE893371C3C94ED005C0172 /* Build configuration list for PBXProject "meme" */;
			compatibilityVersion = "Xcode 3.2";
			developmentRegion = English;
			hasScannedForEncodings = 0;
			knownRegions = (
				en,
				Base,
			);
			mainGroup = FFE893331C3C94ED005C0172;
			productRefGroup = FFE8933D1C3C94ED005C0172 /* Products */;
			projectDirPath = "";
			projectRoot = "";
			targets = (
				FFE8933B1C3C94ED005C0172 /* meme */,
				FFE8934F1C3C94ED005C0172 /* memeTests */,
				FFE8935A1C3C94EE005C0172 /* memeUITests */,
			);
		};
/* End PBXProject section */

/* Begin PBXResourcesBuildPhase section */
		FFE8933A1C3C94ED005C0172 /* Resources */ = {
			isa = PBXResourcesBuildPhase;
			buildActionMask = 2147483647;
			files = (
				FFE8934A1C3C94ED005C0172 /* LaunchScreen.storyboard in Resources */,
				FFE893471C3C94ED005C0172 /* Assets.xcassets in Resources */,
				FFE893451C3C94ED005C0172 /* Main.storyboard in Resources */,
			);
			runOnlyForDeploymentPostprocessing = 0;
		};
		FFE8934E1C3C94ED005C0172 /* Resources */ = {
			isa = PBXResourcesBuildPhase;
			buildActionMask = 2147483647;
			files = (
			);
			runOnlyForDeploymentPostprocessing = 0;
		};
		FFE893591C3C94EE005C0172 /* Resources */ = {
			isa = PBXResourcesBuildPhase;
			buildActionMask = 2147483647;
			files = (
			);
			runOnlyForDeploymentPostprocessing = 0;
		};
/* End PBXResourcesBuildPhase section */

/* Begin PBXSourcesBuildPhase section */
		FFE893381C3C94ED005C0172 /* Sources */ = {
			isa = PBXSourcesBuildPhase;
			buildActionMask = 2147483647;
			files = (
				FFE893421C3C94ED005C0172 /* ViewController.swift in Sources */,
				FF0D69FD1C5F265E00545AF1 /* MemeTextFieldDelegate.swift in Sources */,
				FFE893401C3C94ED005C0172 /* AppDelegate.swift in Sources */,
			);
			runOnlyForDeploymentPostprocessing = 0;
		};
		FFE8934C1C3C94ED005C0172 /* Sources */ = {
			isa = PBXSourcesBuildPhase;
			buildActionMask = 2147483647;
			files = (
				FFE893551C3C94EE005C0172 /* memeTests.swift in Sources */,
			);
			runOnlyForDeploymentPostprocessing = 0;
		};
		FFE893571C3C94EE005C0172 /* Sources */ = {
			isa = PBXSourcesBuildPhase;
			buildActionMask = 2147483647;
			files = (
				FFE893601C3C94EE005C0172 /* memeUITests.swift in Sources */,
			);
			runOnlyForDeploymentPostprocessing = 0;
		};
/* End PBXSourcesBuildPhase section */

/* Begin PBXTargetDependency section */
		FFE893521C3C94EE005C0172 /* PBXTargetDependency */ = {
			isa = PBXTargetDependency;
			target = FFE8933B1C3C94ED005C0172 /* meme */;
			targetProxy = FFE893511C3C94EE005C0172 /* PBXContainerItemProxy */;
		};
		FFE8935D1C3C94EE005C0172 /* PBXTargetDependency */ = {
			isa = PBXTargetDependency;
			target = FFE8933B1C3C94ED005C0172 /* meme */;
			targetProxy = FFE8935C1C3C94EE005C0172 /* PBXContainerItemProxy */;
		};
/* End PBXTargetDependency section */

/* Begin PBXVariantGroup section */
		FFE893431C3C94ED005C0172 /* Main.storyboard */ = {
			isa = PBXVariantGroup;
			children = (
				FFE893441C3C94ED005C0172 /* Base */,
			);
			name = Main.storyboard;
			sourceTree = "<group>";
		};
		FFE893481C3C94ED005C0172 /* LaunchScreen.storyboard */ = {
			isa = PBXVariantGroup;
			children = (
				FFE893491C3C94ED005C0172 /* Base */,
			);
			name = LaunchScreen.storyboard;
			sourceTree = "<group>";
		};
/* End PBXVariantGroup section */

/* Begin XCBuildConfiguration section */
		FFE893621C3C94EE005C0172 /* Debug */ = {
			isa = XCBuildConfiguration;
			buildSettings = {
				ALWAYS_SEARCH_USER_PATHS = NO;
				CLANG_CXX_LANGUAGE_STANDARD = "gnu++0x";
				CLANG_CXX_LIBRARY = "libc++";
				CLANG_ENABLE_MODULES = YES;
				CLANG_ENABLE_OBJC_ARC = YES;
				CLANG_WARN_BOOL_CONVERSION = YES;
				CLANG_WARN_CONSTANT_CONVERSION = YES;
				CLANG_WARN_DIRECT_OBJC_ISA_USAGE = YES_ERROR;
				CLANG_WARN_EMPTY_BODY = YES;
				CLANG_WARN_ENUM_CONVERSION = YES;
				CLANG_WARN_INT_CONVERSION = YES;
				CLANG_WARN_OBJC_ROOT_CLASS = YES_ERROR;
				CLANG_WARN_UNREACHABLE_CODE = YES;
				CLANG_WARN__DUPLICATE_METHOD_MATCH = YES;
				"CODE_SIGN_IDENTITY[sdk=iphoneos*]" = "iPhone Developer";
				COPY_PHASE_STRIP = NO;
				DEBUG_INFORMATION_FORMAT = dwarf;
				ENABLE_STRICT_OBJC_MSGSEND = YES;
				ENABLE_TESTABILITY = YES;
				GCC_C_LANGUAGE_STANDARD = gnu99;
				GCC_DYNAMIC_NO_PIC = NO;
				GCC_NO_COMMON_BLOCKS = YES;
				GCC_OPTIMIZATION_LEVEL = 0;
				GCC_PREPROCESSOR_DEFINITIONS = (
					"DEBUG=1",
					"$(inherited)",
				);
				GCC_WARN_64_TO_32_BIT_CONVERSION = YES;
				GCC_WARN_ABOUT_RETURN_TYPE = YES_ERROR;
				GCC_WARN_UNDECLARED_SELECTOR = YES;
				GCC_WARN_UNINITIALIZED_AUTOS = YES_AGGRESSIVE;
				GCC_WARN_UNUSED_FUNCTION = YES;
				GCC_WARN_UNUSED_VARIABLE = YES;
				IPHONEOS_DEPLOYMENT_TARGET = 9.2;
				MTL_ENABLE_DEBUG_INFO = YES;
				ONLY_ACTIVE_ARCH = YES;
				SDKROOT = iphoneos;
				SWIFT_OPTIMIZATION_LEVEL = "-Onone";
			};
			name = Debug;
		};
		FFE893631C3C94EE005C0172 /* Release */ = {
			isa = XCBuildConfiguration;
			buildSettings = {
				ALWAYS_SEARCH_USER_PATHS = NO;
				CLANG_CXX_LANGUAGE_STANDARD = "gnu++0x";
				CLANG_CXX_LIBRARY = "libc++";
				CLANG_ENABLE_MODULES = YES;
				CLANG_ENABLE_OBJC_ARC = YES;
				CLANG_WARN_BOOL_CONVERSION = YES;
				CLANG_WARN_CONSTANT_CONVERSION = YES;
				CLANG_WARN_DIRECT_OBJC_ISA_USAGE = YES_ERROR;
				CLANG_WARN_EMPTY_BODY = YES;
				CLANG_WARN_ENUM_CONVERSION = YES;
				CLANG_WARN_INT_CONVERSION = YES;
				CLANG_WARN_OBJC_ROOT_CLASS = YES_ERROR;
				CLANG_WARN_UNREACHABLE_CODE = YES;
				CLANG_WARN__DUPLICATE_METHOD_MATCH = YES;
				"CODE_SIGN_IDENTITY[sdk=iphoneos*]" = "iPhone Developer";
				COPY_PHASE_STRIP = NO;
				DEBUG_INFORMATION_FORMAT = "dwarf-with-dsym";
				ENABLE_NS_ASSERTIONS = NO;
				ENABLE_STRICT_OBJC_MSGSEND = YES;
				GCC_C_LANGUAGE_STANDARD = gnu99;
				GCC_NO_COMMON_BLOCKS = YES;
				GCC_WARN_64_TO_32_BIT_CONVERSION = YES;
				GCC_WARN_ABOUT_RETURN_TYPE = YES_ERROR;
				GCC_WARN_UNDECLARED_SELECTOR = YES;
				GCC_WARN_UNINITIALIZED_AUTOS = YES_AGGRESSIVE;
				GCC_WARN_UNUSED_FUNCTION = YES;
				GCC_WARN_UNUSED_VARIABLE = YES;
				IPHONEOS_DEPLOYMENT_TARGET = 9.2;
				MTL_ENABLE_DEBUG_INFO = NO;
				SDKROOT = iphoneos;
				VALIDATE_PRODUCT = YES;
			};
			name = Release;
		};
		FFE893651C3C94EE005C0172 /* Debug */ = {
			isa = XCBuildConfiguration;
			buildSettings = {
				ASSETCATALOG_COMPILER_APPICON_NAME = AppIcon;
				INFOPLIST_FILE = meme/Info.plist;
				LD_RUNPATH_SEARCH_PATHS = "$(inherited) @executable_path/Frameworks";
				PRODUCT_BUNDLE_IDENTIFIER = com.iamhomebody.meme;
				PRODUCT_NAME = "$(TARGET_NAME)";
			};
			name = Debug;
		};
		FFE893661C3C94EE005C0172 /* Release */ = {
			isa = XCBuildConfiguration;
			buildSettings = {
				ASSETCATALOG_COMPILER_APPICON_NAME = AppIcon;
				INFOPLIST_FILE = meme/Info.plist;
				LD_RUNPATH_SEARCH_PATHS = "$(inherited) @executable_path/Frameworks";
				PRODUCT_BUNDLE_IDENTIFIER = com.iamhomebody.meme;
				PRODUCT_NAME = "$(TARGET_NAME)";
			};
			name = Release;
		};
		FFE893681C3C94EE005C0172 /* Debug */ = {
			isa = XCBuildConfiguration;
			buildSettings = {
				BUNDLE_LOADER = "$(TEST_HOST)";
				INFOPLIST_FILE = memeTests/Info.plist;
				LD_RUNPATH_SEARCH_PATHS = "$(inherited) @executable_path/Frameworks @loader_path/Frameworks";
				PRODUCT_BUNDLE_IDENTIFIER = com.iamhomebody.memeTests;
				PRODUCT_NAME = "$(TARGET_NAME)";
				TEST_HOST = "$(BUILT_PRODUCTS_DIR)/meme.app/meme";
			};
			name = Debug;
		};
		FFE893691C3C94EE005C0172 /* Release */ = {
			isa = XCBuildConfiguration;
			buildSettings = {
				BUNDLE_LOADER = "$(TEST_HOST)";
				INFOPLIST_FILE = memeTests/Info.plist;
				LD_RUNPATH_SEARCH_PATHS = "$(inherited) @executable_path/Frameworks @loader_path/Frameworks";
				PRODUCT_BUNDLE_IDENTIFIER = com.iamhomebody.memeTests;
				PRODUCT_NAME = "$(TARGET_NAME)";
				TEST_HOST = "$(BUILT_PRODUCTS_DIR)/meme.app/meme";
			};
			name = Release;
		};
		FFE8936B1C3C94EE005C0172 /* Debug */ = {
			isa = XCBuildConfiguration;
			buildSettings = {
				INFOPLIST_FILE = memeUITests/Info.plist;
				LD_RUNPATH_SEARCH_PATHS = "$(inherited) @executable_path/Frameworks @loader_path/Frameworks";
				PRODUCT_BUNDLE_IDENTIFIER = com.iamhomebody.memeUITests;
				PRODUCT_NAME = "$(TARGET_NAME)";
				TEST_TARGET_NAME = meme;
				USES_XCTRUNNER = YES;
			};
			name = Debug;
		};
		FFE8936C1C3C94EE005C0172 /* Release */ = {
			isa = XCBuildConfiguration;
			buildSettings = {
				INFOPLIST_FILE = memeUITests/Info.plist;
				LD_RUNPATH_SEARCH_PATHS = "$(inherited) @executable_path/Frameworks @loader_path/Frameworks";
				PRODUCT_BUNDLE_IDENTIFIER = com.iamhomebody.memeUITests;
				PRODUCT_NAME = "$(TARGET_NAME)";
				TEST_TARGET_NAME = meme;
				USES_XCTRUNNER = YES;
			};
			name = Release;
		};
/* End XCBuildConfiguration section */

/* Begin XCConfigurationList section */
		FFE893371C3C94ED005C0172 /* Build configuration list for PBXProject "meme" */ = {
			isa = XCConfigurationList;
			buildConfigurations = (
				FFE893621C3C94EE005C0172 /* Debug */,
				FFE893631C3C94EE005C0172 /* Release */,
			);
			defaultConfigurationIsVisible = 0;
			defaultConfigurationName = Release;
		};
		FFE893641C3C94EE005C0172 /* Build configuration list for PBXNativeTarget "meme" */ = {
			isa = XCConfigurationList;
			buildConfigurations = (
				FFE893651C3C94EE005C0172 /* Debug */,
				FFE893661C3C94EE005C0172 /* Release */,
			);
			defaultConfigurationIsVisible = 0;
			defaultConfigurationName = Release;
		};
		FFE893671C3C94EE005C0172 /* Build configuration list for PBXNativeTarget "memeTests" */ = {
			isa = XCConfigurationList;
			buildConfigurations = (
				FFE893681C3C94EE005C0172 /* Debug */,
				FFE893691C3C94EE005C0172 /* Release */,
			);
			defaultConfigurationIsVisible = 0;
			defaultConfigurationName = Release;
		};
		FFE8936A1C3C94EE005C0172 /* Build configuration list for PBXNativeTarget "memeUITests" */ = {
			isa = XCConfigurationList;
			buildConfigurations = (
				FFE8936B1C3C94EE005C0172 /* Debug */,
				FFE8936C1C3C94EE005C0172 /* Release */,
			);
			defaultConfigurationIsVisible = 0;
			defaultConfigurationName = Release;
		};
/* End XCConfigurationList section */
	};
	rootObject = FFE893341C3C94ED005C0172 /* Project object */;
}
